// !$*UTF8*$!
{
	archiveVersion = 1;
	classes = {
	};
	objectVersion = 56;
	objects = {

/* Begin PBXBuildFile section */
		B00F734C290ACC35005AE2A4 /* AppDelegate.swift in Sources */ = {isa = PBXBuildFile; fileRef = B00F734B290ACC35005AE2A4 /* AppDelegate.swift */; };
		B00F734E290ACC35005AE2A4 /* SceneDelegate.swift in Sources */ = {isa = PBXBuildFile; fileRef = B00F734D290ACC35005AE2A4 /* SceneDelegate.swift */; };
		B00F7356290ACC35005AE2A4 /* NewsApp.xcdatamodeld in Sources */ = {isa = PBXBuildFile; fileRef = B00F7354290ACC35005AE2A4 /* NewsApp.xcdatamodeld */; };
		B00F7358290ACC3A005AE2A4 /* Assets.xcassets in Resources */ = {isa = PBXBuildFile; fileRef = B00F7357290ACC3A005AE2A4 /* Assets.xcassets */; };
		B00F735B290ACC3A005AE2A4 /* LaunchScreen.storyboard in Resources */ = {isa = PBXBuildFile; fileRef = B00F7359290ACC3A005AE2A4 /* LaunchScreen.storyboard */; };
		B00F7363290ACC87005AE2A4 /* MainTabBarViewController.swift in Sources */ = {isa = PBXBuildFile; fileRef = B00F7362290ACC87005AE2A4 /* MainTabBarViewController.swift */; };
		B00F7365290ACD5F005AE2A4 /* HomeViewController.swift in Sources */ = {isa = PBXBuildFile; fileRef = B00F7364290ACD5F005AE2A4 /* HomeViewController.swift */; };
		B00F7367290ACF36005AE2A4 /* SearchViewController.swift in Sources */ = {isa = PBXBuildFile; fileRef = B00F7366290ACF36005AE2A4 /* SearchViewController.swift */; };
		B00F7369290ACF51005AE2A4 /* NotificationViewController.swift in Sources */ = {isa = PBXBuildFile; fileRef = B00F7368290ACF51005AE2A4 /* NotificationViewController.swift */; };
		B00F736B290ACF69005AE2A4 /* StatsViewController.swift in Sources */ = {isa = PBXBuildFile; fileRef = B00F736A290ACF69005AE2A4 /* StatsViewController.swift */; };
		B00F737229116026005AE2A4 /* APICaller.swift in Sources */ = {isa = PBXBuildFile; fileRef = B00F737129116026005AE2A4 /* APICaller.swift */; };
		B00F73742911609F005AE2A4 /* NewsData.swift in Sources */ = {isa = PBXBuildFile; fileRef = B00F73732911609F005AE2A4 /* NewsData.swift */; };
		B00F737B29123239005AE2A4 /* SDWebImage in Frameworks */ = {isa = PBXBuildFile; productRef = B00F737A29123239005AE2A4 /* SDWebImage */; };
		B00F737D29123239005AE2A4 /* SDWebImageMapKit in Frameworks */ = {isa = PBXBuildFile; productRef = B00F737C29123239005AE2A4 /* SDWebImageMapKit */; };
		B0A6AC9D294C6D8C00321A53 /* BaseListController.swift in Sources */ = {isa = PBXBuildFile; fileRef = B0A6AC9C294C6D8C00321A53 /* BaseListController.swift */; };
		B0A6AC9F294C7A9A00321A53 /* NewsCell.swift in Sources */ = {isa = PBXBuildFile; fileRef = B0A6AC9E294C7A9A00321A53 /* NewsCell.swift */; };
		B0A6ACA2294C7C8D00321A53 /* UIView+Layout.swift in Sources */ = {isa = PBXBuildFile; fileRef = B0A6ACA1294C7C8D00321A53 /* UIView+Layout.swift */; };
		B0EFED132951EA01003B91A8 /* HeaderCovidBannerButton.swift in Sources */ = {isa = PBXBuildFile; fileRef = B0EFED122951EA01003B91A8 /* HeaderCovidBannerButton.swift */; };
		B0EFED152951F854003B91A8 /* Extension + UIViewController.swift in Sources */ = {isa = PBXBuildFile; fileRef = B0EFED142951F854003B91A8 /* Extension + UIViewController.swift */; };
/* End PBXBuildFile section */

/* Begin PBXFileReference section */
		B00F7348290ACC35005AE2A4 /* NewsApp.app */ = {isa = PBXFileReference; explicitFileType = wrapper.application; includeInIndex = 0; path = NewsApp.app; sourceTree = BUILT_PRODUCTS_DIR; };
		B00F734B290ACC35005AE2A4 /* AppDelegate.swift */ = {isa = PBXFileReference; lastKnownFileType = sourcecode.swift; path = AppDelegate.swift; sourceTree = "<group>"; };
		B00F734D290ACC35005AE2A4 /* SceneDelegate.swift */ = {isa = PBXFileReference; lastKnownFileType = sourcecode.swift; path = SceneDelegate.swift; sourceTree = "<group>"; };
		B00F7355290ACC35005AE2A4 /* NewsApp.xcdatamodel */ = {isa = PBXFileReference; lastKnownFileType = wrapper.xcdatamodel; path = NewsApp.xcdatamodel; sourceTree = "<group>"; };
		B00F7357290ACC3A005AE2A4 /* Assets.xcassets */ = {isa = PBXFileReference; lastKnownFileType = folder.assetcatalog; path = Assets.xcassets; sourceTree = "<group>"; };
		B00F735A290ACC3A005AE2A4 /* Base */ = {isa = PBXFileReference; lastKnownFileType = file.storyboard; name = Base; path = Base.lproj/LaunchScreen.storyboard; sourceTree = "<group>"; };
		B00F735C290ACC3A005AE2A4 /* Info.plist */ = {isa = PBXFileReference; lastKnownFileType = text.plist.xml; path = Info.plist; sourceTree = "<group>"; };
		B00F7362290ACC87005AE2A4 /* MainTabBarViewController.swift */ = {isa = PBXFileReference; lastKnownFileType = sourcecode.swift; path = MainTabBarViewController.swift; sourceTree = "<group>"; };
		B00F7364290ACD5F005AE2A4 /* HomeViewController.swift */ = {isa = PBXFileReference; lastKnownFileType = sourcecode.swift; path = HomeViewController.swift; sourceTree = "<group>"; };
		B00F7366290ACF36005AE2A4 /* SearchViewController.swift */ = {isa = PBXFileReference; lastKnownFileType = sourcecode.swift; path = SearchViewController.swift; sourceTree = "<group>"; };
		B00F7368290ACF51005AE2A4 /* NotificationViewController.swift */ = {isa = PBXFileReference; lastKnownFileType = sourcecode.swift; path = NotificationViewController.swift; sourceTree = "<group>"; };
		B00F736A290ACF69005AE2A4 /* StatsViewController.swift */ = {isa = PBXFileReference; lastKnownFileType = sourcecode.swift; path = StatsViewController.swift; sourceTree = "<group>"; };
		B00F737129116026005AE2A4 /* APICaller.swift */ = {isa = PBXFileReference; lastKnownFileType = sourcecode.swift; path = APICaller.swift; sourceTree = "<group>"; };
		B00F73732911609F005AE2A4 /* NewsData.swift */ = {isa = PBXFileReference; lastKnownFileType = sourcecode.swift; path = NewsData.swift; sourceTree = "<group>"; };
		B0A6AC9C294C6D8C00321A53 /* BaseListController.swift */ = {isa = PBXFileReference; lastKnownFileType = sourcecode.swift; path = BaseListController.swift; sourceTree = "<group>"; };
		B0A6AC9E294C7A9A00321A53 /* NewsCell.swift */ = {isa = PBXFileReference; lastKnownFileType = sourcecode.swift; path = NewsCell.swift; sourceTree = "<group>"; };
		B0A6ACA1294C7C8D00321A53 /* UIView+Layout.swift */ = {isa = PBXFileReference; lastKnownFileType = sourcecode.swift; path = "UIView+Layout.swift"; sourceTree = "<group>"; };
		B0EFED122951EA01003B91A8 /* HeaderCovidBannerButton.swift */ = {isa = PBXFileReference; lastKnownFileType = sourcecode.swift; path = HeaderCovidBannerButton.swift; sourceTree = "<group>"; };
		B0EFED142951F854003B91A8 /* Extension + UIViewController.swift */ = {isa = PBXFileReference; lastKnownFileType = sourcecode.swift; path = "Extension + UIViewController.swift"; sourceTree = "<group>"; };
/* End PBXFileReference section */

/* Begin PBXFrameworksBuildPhase section */
		B00F7345290ACC35005AE2A4 /* Frameworks */ = {
			isa = PBXFrameworksBuildPhase;
			buildActionMask = 2147483647;
			files = (
				B00F737D29123239005AE2A4 /* SDWebImageMapKit in Frameworks */,
				B00F737B29123239005AE2A4 /* SDWebImage in Frameworks */,
			);
			runOnlyForDeploymentPostprocessing = 0;
		};
/* End PBXFrameworksBuildPhase section */

/* Begin PBXGroup section */
		B00F733F290ACC35005AE2A4 = {
			isa = PBXGroup;
			children = (
				B00F734A290ACC35005AE2A4 /* NewsApp */,
				B00F7349290ACC35005AE2A4 /* Products */,
			);
			sourceTree = "<group>";
		};
		B00F7349290ACC35005AE2A4 /* Products */ = {
			isa = PBXGroup;
			children = (
				B00F7348290ACC35005AE2A4 /* NewsApp.app */,
			);
			name = Products;
			sourceTree = "<group>";
		};
		B00F734A290ACC35005AE2A4 /* NewsApp */ = {
			isa = PBXGroup;
			children = (
				B0A6ACA0294C7C7300321A53 /* Helpers */,
				B00F736F290C2E20005AE2A4 /* Managers */,
				B00F7370290C2E2D005AE2A4 /* Models */,
				B00F7375291166E9005AE2A4 /* View */,
				B00F736E290C18A6005AE2A4 /* Controllers */,
				B00F734B290ACC35005AE2A4 /* AppDelegate.swift */,
				B00F734D290ACC35005AE2A4 /* SceneDelegate.swift */,
				B00F7357290ACC3A005AE2A4 /* Assets.xcassets */,
				B00F7359290ACC3A005AE2A4 /* LaunchScreen.storyboard */,
				B00F735C290ACC3A005AE2A4 /* Info.plist */,
				B00F7354290ACC35005AE2A4 /* NewsApp.xcdatamodeld */,
				B00F7362290ACC87005AE2A4 /* MainTabBarViewController.swift */,
				B0A6AC9C294C6D8C00321A53 /* BaseListController.swift */,
			);
			path = NewsApp;
			sourceTree = "<group>";
		};
		B00F736E290C18A6005AE2A4 /* Controllers */ = {
			isa = PBXGroup;
			children = (
				B0A6AC94294BBDD900321A53 /* Home */,
				B0A6AC95294BBDE800321A53 /* Search */,
				B0A6AC96294BBDF500321A53 /* Notification */,
				B0A6AC97294BBE1500321A53 /* Stats */,
			);
			path = Controllers;
			sourceTree = "<group>";
		};
		B00F736F290C2E20005AE2A4 /* Managers */ = {
			isa = PBXGroup;
			children = (
				B00F737129116026005AE2A4 /* APICaller.swift */,
			);
			path = Managers;
			sourceTree = "<group>";
		};
		B00F7370290C2E2D005AE2A4 /* Models */ = {
			isa = PBXGroup;
			children = (
				B00F73732911609F005AE2A4 /* NewsData.swift */,
			);
			path = Models;
			sourceTree = "<group>";
		};
		B00F7375291166E9005AE2A4 /* View */ = {
			isa = PBXGroup;
			children = (
				B0A6AC9B294BBE6B00321A53 /* Home */,
				B0A6AC9A294BBE6300321A53 /* Search */,
				B0A6AC99294BBE5500321A53 /* Notification */,
				B0A6AC98294BBE4900321A53 /* Stats */,
			);
			path = View;
			sourceTree = "<group>";
		};
		B0A6AC94294BBDD900321A53 /* Home */ = {
			isa = PBXGroup;
			children = (
				B00F7364290ACD5F005AE2A4 /* HomeViewController.swift */,
			);
			path = Home;
			sourceTree = "<group>";
		};
		B0A6AC95294BBDE800321A53 /* Search */ = {
			isa = PBXGroup;
			children = (
				B00F7366290ACF36005AE2A4 /* SearchViewController.swift */,
			);
			path = Search;
			sourceTree = "<group>";
		};
		B0A6AC96294BBDF500321A53 /* Notification */ = {
			isa = PBXGroup;
			children = (
				B00F7368290ACF51005AE2A4 /* NotificationViewController.swift */,
			);
			path = Notification;
			sourceTree = "<group>";
		};
		B0A6AC97294BBE1500321A53 /* Stats */ = {
			isa = PBXGroup;
			children = (
				B00F736A290ACF69005AE2A4 /* StatsViewController.swift */,
			);
			path = Stats;
			sourceTree = "<group>";
		};
		B0A6AC98294BBE4900321A53 /* Stats */ = {
			isa = PBXGroup;
			children = (
			);
			path = Stats;
			sourceTree = "<group>";
		};
		B0A6AC99294BBE5500321A53 /* Notification */ = {
			isa = PBXGroup;
			children = (
			);
			path = Notification;
			sourceTree = "<group>";
		};
		B0A6AC9A294BBE6300321A53 /* Search */ = {
			isa = PBXGroup;
			children = (
			);
			path = Search;
			sourceTree = "<group>";
		};
		B0A6AC9B294BBE6B00321A53 /* Home */ = {
			isa = PBXGroup;
			children = (
				B0A6AC9E294C7A9A00321A53 /* NewsCell.swift */,
				B0EFED122951EA01003B91A8 /* HeaderCovidBannerButton.swift */,
			);
			path = Home;
			sourceTree = "<group>";
		};
		B0A6ACA0294C7C7300321A53 /* Helpers */ = {
			isa = PBXGroup;
			children = (
				B0A6ACA1294C7C8D00321A53 /* UIView+Layout.swift */,
				B0EFED142951F854003B91A8 /* Extension + UIViewController.swift */,
			);
			path = Helpers;
			sourceTree = "<group>";
		};
/* End PBXGroup section */

/* Begin PBXNativeTarget section */
		B00F7347290ACC35005AE2A4 /* NewsApp */ = {
			isa = PBXNativeTarget;
			buildConfigurationList = B00F735F290ACC3A005AE2A4 /* Build configuration list for PBXNativeTarget "NewsApp" */;
			buildPhases = (
				B00F7344290ACC35005AE2A4 /* Sources */,
				B00F7345290ACC35005AE2A4 /* Frameworks */,
				B00F7346290ACC35005AE2A4 /* Resources */,
			);
			buildRules = (
			);
			dependencies = (
			);
			name = NewsApp;
			packageProductDependencies = (
				B00F737A29123239005AE2A4 /* SDWebImage */,
				B00F737C29123239005AE2A4 /* SDWebImageMapKit */,
			);
			productName = NewsApp;
			productReference = B00F7348290ACC35005AE2A4 /* NewsApp.app */;
			productType = "com.apple.product-type.application";
		};
/* End PBXNativeTarget section */

/* Begin PBXProject section */
		B00F7340290ACC35005AE2A4 /* Project object */ = {
			isa = PBXProject;
			attributes = {
				BuildIndependentTargetsInParallel = 1;
				LastSwiftUpdateCheck = 1400;
				LastUpgradeCheck = 1400;
				TargetAttributes = {
					B00F7347290ACC35005AE2A4 = {
						CreatedOnToolsVersion = 14.0.1;
					};
				};
			};
			buildConfigurationList = B00F7343290ACC35005AE2A4 /* Build configuration list for PBXProject "NewsApp" */;
			compatibilityVersion = "Xcode 14.0";
			developmentRegion = en;
			hasScannedForEncodings = 0;
			knownRegions = (
				en,
				Base,
			);
			mainGroup = B00F733F290ACC35005AE2A4;
			packageReferences = (
				B00F737929123239005AE2A4 /* XCRemoteSwiftPackageReference "SDWebImage" */,
			);
			productRefGroup = B00F7349290ACC35005AE2A4 /* Products */;
			projectDirPath = "";
			projectRoot = "";
			targets = (
				B00F7347290ACC35005AE2A4 /* NewsApp */,
			);
		};
/* End PBXProject section */

/* Begin PBXResourcesBuildPhase section */
		B00F7346290ACC35005AE2A4 /* Resources */ = {
			isa = PBXResourcesBuildPhase;
			buildActionMask = 2147483647;
			files = (
				B00F735B290ACC3A005AE2A4 /* LaunchScreen.storyboard in Resources */,
				B00F7358290ACC3A005AE2A4 /* Assets.xcassets in Resources */,
			);
			runOnlyForDeploymentPostprocessing = 0;
		};
/* End PBXResourcesBuildPhase section */

/* Begin PBXSourcesBuildPhase section */
		B00F7344290ACC35005AE2A4 /* Sources */ = {
			isa = PBXSourcesBuildPhase;
			buildActionMask = 2147483647;
			files = (
				B00F7367290ACF36005AE2A4 /* SearchViewController.swift in Sources */,
				B00F7365290ACD5F005AE2A4 /* HomeViewController.swift in Sources */,
				B00F736B290ACF69005AE2A4 /* StatsViewController.swift in Sources */,
				B00F737229116026005AE2A4 /* APICaller.swift in Sources */,
				B0EFED132951EA01003B91A8 /* HeaderCovidBannerButton.swift in Sources */,
				B00F7363290ACC87005AE2A4 /* MainTabBarViewController.swift in Sources */,
				B0EFED152951F854003B91A8 /* Extension + UIViewController.swift in Sources */,
				B0A6AC9D294C6D8C00321A53 /* BaseListController.swift in Sources */,
				B00F7369290ACF51005AE2A4 /* NotificationViewController.swift in Sources */,
				B00F73742911609F005AE2A4 /* NewsData.swift in Sources */,
				B00F734C290ACC35005AE2A4 /* AppDelegate.swift in Sources */,
				B00F7356290ACC35005AE2A4 /* NewsApp.xcdatamodeld in Sources */,
				B0A6AC9F294C7A9A00321A53 /* NewsCell.swift in Sources */,
				B00F734E290ACC35005AE2A4 /* SceneDelegate.swift in Sources */,
				B0A6ACA2294C7C8D00321A53 /* UIView+Layout.swift in Sources */,
			);
			runOnlyForDeploymentPostprocessing = 0;
		};
/* End PBXSourcesBuildPhase section */

/* Begin PBXVariantGroup section */
		B00F7359290ACC3A005AE2A4 /* LaunchScreen.storyboard */ = {
			isa = PBXVariantGroup;
			children = (
				B00F735A290ACC3A005AE2A4 /* Base */,
			);
			name = LaunchScreen.storyboard;
			sourceTree = "<group>";
		};
/* End PBXVariantGroup section */

/* Begin XCBuildConfiguration section */
		B00F735D290ACC3A005AE2A4 /* Debug */ = {
			isa = XCBuildConfiguration;
			buildSettings = {
				ALWAYS_SEARCH_USER_PATHS = NO;
				CLANG_ANALYZER_NONNULL = YES;
				CLANG_ANALYZER_NUMBER_OBJECT_CONVERSION = YES_AGGRESSIVE;
				CLANG_CXX_LANGUAGE_STANDARD = "gnu++20";
				CLANG_ENABLE_MODULES = YES;
				CLANG_ENABLE_OBJC_ARC = YES;
				CLANG_ENABLE_OBJC_WEAK = YES;
				CLANG_WARN_BLOCK_CAPTURE_AUTORELEASING = YES;
				CLANG_WARN_BOOL_CONVERSION = YES;
				CLANG_WARN_COMMA = YES;
				CLANG_WARN_CONSTANT_CONVERSION = YES;
				CLANG_WARN_DEPRECATED_OBJC_IMPLEMENTATIONS = YES;
				CLANG_WARN_DIRECT_OBJC_ISA_USAGE = YES_ERROR;
				CLANG_WARN_DOCUMENTATION_COMMENTS = YES;
				CLANG_WARN_EMPTY_BODY = YES;
				CLANG_WARN_ENUM_CONVERSION = YES;
				CLANG_WARN_INFINITE_RECURSION = YES;
				CLANG_WARN_INT_CONVERSION = YES;
				CLANG_WARN_NON_LITERAL_NULL_CONVERSION = YES;
				CLANG_WARN_OBJC_IMPLICIT_RETAIN_SELF = YES;
				CLANG_WARN_OBJC_LITERAL_CONVERSION = YES;
				CLANG_WARN_OBJC_ROOT_CLASS = YES_ERROR;
				CLANG_WARN_QUOTED_INCLUDE_IN_FRAMEWORK_HEADER = YES;
				CLANG_WARN_RANGE_LOOP_ANALYSIS = YES;
				CLANG_WARN_STRICT_PROTOTYPES = YES;
				CLANG_WARN_SUSPICIOUS_MOVE = YES;
				CLANG_WARN_UNGUARDED_AVAILABILITY = YES_AGGRESSIVE;
				CLANG_WARN_UNREACHABLE_CODE = YES;
				CLANG_WARN__DUPLICATE_METHOD_MATCH = YES;
				COPY_PHASE_STRIP = NO;
				DEBUG_INFORMATION_FORMAT = dwarf;
				ENABLE_STRICT_OBJC_MSGSEND = YES;
				ENABLE_TESTABILITY = YES;
				GCC_C_LANGUAGE_STANDARD = gnu11;
				GCC_DYNAMIC_NO_PIC = NO;
				GCC_NO_COMMON_BLOCKS = YES;
				GCC_OPTIMIZATION_LEVEL = 0;
				GCC_PREPROCESSOR_DEFINITIONS = (
					"DEBUG=1",
					"$(inherited)",
				);
				GCC_WARN_64_TO_32_BIT_CONVERSION = YES;
				GCC_WARN_ABOUT_RETURN_TYPE = YES_ERROR;
				GCC_WARN_UNDECLARED_SELECTOR = YES;
				GCC_WARN_UNINITIALIZED_AUTOS = YES_AGGRESSIVE;
				GCC_WARN_UNUSED_FUNCTION = YES;
				GCC_WARN_UNUSED_VARIABLE = YES;
				IPHONEOS_DEPLOYMENT_TARGET = 16.0;
				MTL_ENABLE_DEBUG_INFO = INCLUDE_SOURCE;
				MTL_FAST_MATH = YES;
				ONLY_ACTIVE_ARCH = YES;
				SDKROOT = iphoneos;
				SWIFT_ACTIVE_COMPILATION_CONDITIONS = DEBUG;
				SWIFT_OPTIMIZATION_LEVEL = "-Onone";
			};
			name = Debug;
		};
		B00F735E290ACC3A005AE2A4 /* Release */ = {
			isa = XCBuildConfiguration;
			buildSettings = {
				ALWAYS_SEARCH_USER_PATHS = NO;
				CLANG_ANALYZER_NONNULL = YES;
				CLANG_ANALYZER_NUMBER_OBJECT_CONVERSION = YES_AGGRESSIVE;
				CLANG_CXX_LANGUAGE_STANDARD = "gnu++20";
				CLANG_ENABLE_MODULES = YES;
				CLANG_ENABLE_OBJC_ARC = YES;
				CLANG_ENABLE_OBJC_WEAK = YES;
				CLANG_WARN_BLOCK_CAPTURE_AUTORELEASING = YES;
				CLANG_WARN_BOOL_CONVERSION = YES;
				CLANG_WARN_COMMA = YES;
				CLANG_WARN_CONSTANT_CONVERSION = YES;
				CLANG_WARN_DEPRECATED_OBJC_IMPLEMENTATIONS = YES;
				CLANG_WARN_DIRECT_OBJC_ISA_USAGE = YES_ERROR;
				CLANG_WARN_DOCUMENTATION_COMMENTS = YES;
				CLANG_WARN_EMPTY_BODY = YES;
				CLANG_WARN_ENUM_CONVERSION = YES;
				CLANG_WARN_INFINITE_RECURSION = YES;
				CLANG_WARN_INT_CONVERSION = YES;
				CLANG_WARN_NON_LITERAL_NULL_CONVERSION = YES;
				CLANG_WARN_OBJC_IMPLICIT_RETAIN_SELF = YES;
				CLANG_WARN_OBJC_LITERAL_CONVERSION = YES;
				CLANG_WARN_OBJC_ROOT_CLASS = YES_ERROR;
				CLANG_WARN_QUOTED_INCLUDE_IN_FRAMEWORK_HEADER = YES;
				CLANG_WARN_RANGE_LOOP_ANALYSIS = YES;
				CLANG_WARN_STRICT_PROTOTYPES = YES;
				CLANG_WARN_SUSPICIOUS_MOVE = YES;
				CLANG_WARN_UNGUARDED_AVAILABILITY = YES_AGGRESSIVE;
				CLANG_WARN_UNREACHABLE_CODE = YES;
				CLANG_WARN__DUPLICATE_METHOD_MATCH = YES;
				COPY_PHASE_STRIP = NO;
				DEBUG_INFORMATION_FORMAT = "dwarf-with-dsym";
				ENABLE_NS_ASSERTIONS = NO;
				ENABLE_STRICT_OBJC_MSGSEND = YES;
				GCC_C_LANGUAGE_STANDARD = gnu11;
				GCC_NO_COMMON_BLOCKS = YES;
				GCC_WARN_64_TO_32_BIT_CONVERSION = YES;
				GCC_WARN_ABOUT_RETURN_TYPE = YES_ERROR;
				GCC_WARN_UNDECLARED_SELECTOR = YES;
				GCC_WARN_UNINITIALIZED_AUTOS = YES_AGGRESSIVE;
				GCC_WARN_UNUSED_FUNCTION = YES;
				GCC_WARN_UNUSED_VARIABLE = YES;
				IPHONEOS_DEPLOYMENT_TARGET = 16.0;
				MTL_ENABLE_DEBUG_INFO = NO;
				MTL_FAST_MATH = YES;
				SDKROOT = iphoneos;
				SWIFT_COMPILATION_MODE = wholemodule;
				SWIFT_OPTIMIZATION_LEVEL = "-O";
				VALIDATE_PRODUCT = YES;
			};
			name = Release;
		};
		B00F7360290ACC3A005AE2A4 /* Debug */ = {
			isa = XCBuildConfiguration;
			buildSettings = {
				ASSETCATALOG_COMPILER_APPICON_NAME = AppIcon;
				ASSETCATALOG_COMPILER_GLOBAL_ACCENT_COLOR_NAME = AccentColor;
				CODE_SIGN_STYLE = Automatic;
				CURRENT_PROJECT_VERSION = 1;
				GENERATE_INFOPLIST_FILE = YES;
				INFOPLIST_FILE = NewsApp/Info.plist;
				INFOPLIST_KEY_UIApplicationSupportsIndirectInputEvents = YES;
				INFOPLIST_KEY_UILaunchStoryboardName = LaunchScreen;
				INFOPLIST_KEY_UISupportedInterfaceOrientations_iPad = "UIInterfaceOrientationPortrait UIInterfaceOrientationPortraitUpsideDown UIInterfaceOrientationLandscapeLeft UIInterfaceOrientationLandscapeRight";
				INFOPLIST_KEY_UISupportedInterfaceOrientations_iPhone = "UIInterfaceOrientationPortrait UIInterfaceOrientationLandscapeLeft UIInterfaceOrientationLandscapeRight";
				IPHONEOS_DEPLOYMENT_TARGET = 16.0;
				LD_RUNPATH_SEARCH_PATHS = (
					"$(inherited)",
					"@executable_path/Frameworks",
				);
				MARKETING_VERSION = 1.0;
				PRODUCT_BUNDLE_IDENTIFIER = com.toanio.NewsApp;
				PRODUCT_NAME = "$(TARGET_NAME)";
				SWIFT_EMIT_LOC_STRINGS = YES;
				SWIFT_VERSION = 5.0;
				TARGETED_DEVICE_FAMILY = "1,2";
			};
			name = Debug;
		};
		B00F7361290ACC3A005AE2A4 /* Release */ = {
			isa = XCBuildConfiguration;
			buildSettings = {
				ASSETCATALOG_COMPILER_APPICON_NAME = AppIcon;
				ASSETCATALOG_COMPILER_GLOBAL_ACCENT_COLOR_NAME = AccentColor;
				CODE_SIGN_STYLE = Automatic;
				CURRENT_PROJECT_VERSION = 1;
				GENERATE_INFOPLIST_FILE = YES;
				INFOPLIST_FILE = NewsApp/Info.plist;
				INFOPLIST_KEY_UIApplicationSupportsIndirectInputEvents = YES;
				INFOPLIST_KEY_UILaunchStoryboardName = LaunchScreen;
				INFOPLIST_KEY_UISupportedInterfaceOrientations_iPad = "UIInterfaceOrientationPortrait UIInterfaceOrientationPortraitUpsideDown UIInterfaceOrientationLandscapeLeft UIInterfaceOrientationLandscapeRight";
				INFOPLIST_KEY_UISupportedInterfaceOrientations_iPhone = "UIInterfaceOrientationPortrait UIInterfaceOrientationLandscapeLeft UIInterfaceOrientationLandscapeRight";
				IPHONEOS_DEPLOYMENT_TARGET = 16.0;
				LD_RUNPATH_SEARCH_PATHS = (
					"$(inherited)",
					"@executable_path/Frameworks",
				);
				MARKETING_VERSION = 1.0;
				PRODUCT_BUNDLE_IDENTIFIER = com.toanio.NewsApp;
				PRODUCT_NAME = "$(TARGET_NAME)";
				SWIFT_EMIT_LOC_STRINGS = YES;
				SWIFT_VERSION = 5.0;
				TARGETED_DEVICE_FAMILY = "1,2";
			};
			name = Release;
		};
/* End XCBuildConfiguration section */

/* Begin XCConfigurationList section */
		B00F7343290ACC35005AE2A4 /* Build configuration list for PBXProject "NewsApp" */ = {
			isa = XCConfigurationList;
			buildConfigurations = (
				B00F735D290ACC3A005AE2A4 /* Debug */,
				B00F735E290ACC3A005AE2A4 /* Release */,
			);
			defaultConfigurationIsVisible = 0;
			defaultConfigurationName = Release;
		};
		B00F735F290ACC3A005AE2A4 /* Build configuration list for PBXNativeTarget "NewsApp" */ = {
			isa = XCConfigurationList;
			buildConfigurations = (
				B00F7360290ACC3A005AE2A4 /* Debug */,
				B00F7361290ACC3A005AE2A4 /* Release */,
			);
			defaultConfigurationIsVisible = 0;
			defaultConfigurationName = Release;
		};
/* End XCConfigurationList section */

/* Begin XCRemoteSwiftPackageReference section */
		B00F737929123239005AE2A4 /* XCRemoteSwiftPackageReference "SDWebImage" */ = {
			isa = XCRemoteSwiftPackageReference;
			repositoryURL = "https://github.com/SDWebImage/SDWebImage.git";
			requirement = {
				branch = master;
				kind = branch;
			};
		};
/* End XCRemoteSwiftPackageReference section */

/* Begin XCSwiftPackageProductDependency section */
		B00F737A29123239005AE2A4 /* SDWebImage */ = {
			isa = XCSwiftPackageProductDependency;
			package = B00F737929123239005AE2A4 /* XCRemoteSwiftPackageReference "SDWebImage" */;
			productName = SDWebImage;
		};
		B00F737C29123239005AE2A4 /* SDWebImageMapKit */ = {
			isa = XCSwiftPackageProductDependency;
			package = B00F737929123239005AE2A4 /* XCRemoteSwiftPackageReference "SDWebImage" */;
			productName = SDWebImageMapKit;
		};
/* End XCSwiftPackageProductDependency section */

/* Begin XCVersionGroup section */
		B00F7354290ACC35005AE2A4 /* NewsApp.xcdatamodeld */ = {
			isa = XCVersionGroup;
			children = (
				B00F7355290ACC35005AE2A4 /* NewsApp.xcdatamodel */,
			);
			currentVersion = B00F7355290ACC35005AE2A4 /* NewsApp.xcdatamodel */;
			path = NewsApp.xcdatamodeld;
			sourceTree = "<group>";
			versionGroupType = wrapper.xcdatamodel;
		};
/* End XCVersionGroup section */
	};
	rootObject = B00F7340290ACC35005AE2A4 /* Project object */;
}
